// !$*UTF8*$!
{
	archiveVersion = 1;
	classes = {
	};
	objectVersion = 50;
	objects = {

/* Begin PBXBuildFile section */
		FF4CC66026270A98001478F3 /* AppDelegate.swift in Sources */ = {isa = PBXBuildFile; fileRef = FF4CC65F26270A98001478F3 /* AppDelegate.swift */; };
		FF4CC66226270A98001478F3 /* SceneDelegate.swift in Sources */ = {isa = PBXBuildFile; fileRef = FF4CC66126270A98001478F3 /* SceneDelegate.swift */; };
		FF4CC66426270A98001478F3 /* ViewController.swift in Sources */ = {isa = PBXBuildFile; fileRef = FF4CC66326270A98001478F3 /* ViewController.swift */; };
		FF4CC66726270A98001478F3 /* Main.storyboard in Resources */ = {isa = PBXBuildFile; fileRef = FF4CC66526270A98001478F3 /* Main.storyboard */; };
		FF4CC66926270A9B001478F3 /* Assets.xcassets in Resources */ = {isa = PBXBuildFile; fileRef = FF4CC66826270A9B001478F3 /* Assets.xcassets */; };
		FF4CC66C26270A9B001478F3 /* LaunchScreen.storyboard in Resources */ = {isa = PBXBuildFile; fileRef = FF4CC66A26270A9B001478F3 /* LaunchScreen.storyboard */; };
		FF4CC67726270A9C001478F3 /* UICollectionView_UICollectionCellTests.swift in Sources */ = {isa = PBXBuildFile; fileRef = FF4CC67626270A9C001478F3 /* UICollectionView_UICollectionCellTests.swift */; };
		FF4CC68226270A9C001478F3 /* UICollectionView_UICollectionCellUITests.swift in Sources */ = {isa = PBXBuildFile; fileRef = FF4CC68126270A9C001478F3 /* UICollectionView_UICollectionCellUITests.swift */; };
/* End PBXBuildFile section */

/* Begin PBXContainerItemProxy section */
		FF4CC67326270A9C001478F3 /* PBXContainerItemProxy */ = {
			isa = PBXContainerItemProxy;
			containerPortal = FF4CC65426270A98001478F3 /* Project object */;
			proxyType = 1;
			remoteGlobalIDString = FF4CC65B26270A98001478F3;
			remoteInfo = UICollectionView.UICollectionCell;
		};
		FF4CC67E26270A9C001478F3 /* PBXContainerItemProxy */ = {
			isa = PBXContainerItemProxy;
			containerPortal = FF4CC65426270A98001478F3 /* Project object */;
			proxyType = 1;
			remoteGlobalIDString = FF4CC65B26270A98001478F3;
			remoteInfo = UICollectionView.UICollectionCell;
		};
/* End PBXContainerItemProxy section */

/* Begin PBXFileReference section */
		FF4CC65C26270A98001478F3 /* UICollectionView.UICollectionCell.app */ = {isa = PBXFileReference; explicitFileType = wrapper.application; includeInIndex = 0; path = UICollectionView.UICollectionCell.app; sourceTree = BUILT_PRODUCTS_DIR; };
		FF4CC65F26270A98001478F3 /* AppDelegate.swift */ = {isa = PBXFileReference; lastKnownFileType = sourcecode.swift; path = AppDelegate.swift; sourceTree = "<group>"; };
		FF4CC66126270A98001478F3 /* SceneDelegate.swift */ = {isa = PBXFileReference; lastKnownFileType = sourcecode.swift; path = SceneDelegate.swift; sourceTree = "<group>"; };
		FF4CC66326270A98001478F3 /* ViewController.swift */ = {isa = PBXFileReference; lastKnownFileType = sourcecode.swift; path = ViewController.swift; sourceTree = "<group>"; };
		FF4CC66626270A98001478F3 /* Base */ = {isa = PBXFileReference; lastKnownFileType = file.storyboard; name = Base; path = Base.lproj/Main.storyboard; sourceTree = "<group>"; };
		FF4CC66826270A9B001478F3 /* Assets.xcassets */ = {isa = PBXFileReference; lastKnownFileType = folder.assetcatalog; path = Assets.xcassets; sourceTree = "<group>"; };
		FF4CC66B26270A9B001478F3 /* Base */ = {isa = PBXFileReference; lastKnownFileType = file.storyboard; name = Base; path = Base.lproj/LaunchScreen.storyboard; sourceTree = "<group>"; };
		FF4CC66D26270A9B001478F3 /* Info.plist */ = {isa = PBXFileReference; lastKnownFileType = text.plist.xml; path = Info.plist; sourceTree = "<group>"; };
		FF4CC67226270A9C001478F3 /* UICollectionView.UICollectionCellTests.xctest */ = {isa = PBXFileReference; explicitFileType = wrapper.cfbundle; includeInIndex = 0; path = UICollectionView.UICollectionCellTests.xctest; sourceTree = BUILT_PRODUCTS_DIR; };
		FF4CC67626270A9C001478F3 /* UICollectionView_UICollectionCellTests.swift */ = {isa = PBXFileReference; lastKnownFileType = sourcecode.swift; path = UICollectionView_UICollectionCellTests.swift; sourceTree = "<group>"; };
		FF4CC67826270A9C001478F3 /* Info.plist */ = {isa = PBXFileReference; lastKnownFileType = text.plist.xml; path = Info.plist; sourceTree = "<group>"; };
		FF4CC67D26270A9C001478F3 /* UICollectionView.UICollectionCellUITests.xctest */ = {isa = PBXFileReference; explicitFileType = wrapper.cfbundle; includeInIndex = 0; path = UICollectionView.UICollectionCellUITests.xctest; sourceTree = BUILT_PRODUCTS_DIR; };
		FF4CC68126270A9C001478F3 /* UICollectionView_UICollectionCellUITests.swift */ = {isa = PBXFileReference; lastKnownFileType = sourcecode.swift; path = UICollectionView_UICollectionCellUITests.swift; sourceTree = "<group>"; };
		FF4CC68326270A9C001478F3 /* Info.plist */ = {isa = PBXFileReference; lastKnownFileType = text.plist.xml; path = Info.plist; sourceTree = "<group>"; };
/* End PBXFileReference section */

/* Begin PBXFrameworksBuildPhase section */
		FF4CC65926270A98001478F3 /* Frameworks */ = {
			isa = PBXFrameworksBuildPhase;
			buildActionMask = 2147483647;
			files = (
			);
			runOnlyForDeploymentPostprocessing = 0;
		};
		FF4CC66F26270A9C001478F3 /* Frameworks */ = {
			isa = PBXFrameworksBuildPhase;
			buildActionMask = 2147483647;
			files = (
			);
			runOnlyForDeploymentPostprocessing = 0;
		};
		FF4CC67A26270A9C001478F3 /* Frameworks */ = {
			isa = PBXFrameworksBuildPhase;
			buildActionMask = 2147483647;
			files = (
			);
			runOnlyForDeploymentPostprocessing = 0;
		};
/* End PBXFrameworksBuildPhase section */

/* Begin PBXGroup section */
		FF4CC65326270A98001478F3 = {
			isa = PBXGroup;
			children = (
				FF4CC65E26270A98001478F3 /* UICollectionView.UICollectionCell */,
				FF4CC67526270A9C001478F3 /* UICollectionView.UICollectionCellTests */,
				FF4CC68026270A9C001478F3 /* UICollectionView.UICollectionCellUITests */,
				FF4CC65D26270A98001478F3 /* Products */,
			);
			sourceTree = "<group>";
		};
		FF4CC65D26270A98001478F3 /* Products */ = {
			isa = PBXGroup;
			children = (
				FF4CC65C26270A98001478F3 /* UICollectionView.UICollectionCell.app */,
				FF4CC67226270A9C001478F3 /* UICollectionView.UICollectionCellTests.xctest */,
				FF4CC67D26270A9C001478F3 /* UICollectionView.UICollectionCellUITests.xctest */,
			);
			name = Products;
			sourceTree = "<group>";
		};
		FF4CC65E26270A98001478F3 /* UICollectionView.UICollectionCell */ = {
			isa = PBXGroup;
			children = (
				FF4CC65F26270A98001478F3 /* AppDelegate.swift */,
				FF4CC66126270A98001478F3 /* SceneDelegate.swift */,
				FF4CC66326270A98001478F3 /* ViewController.swift */,
				FF4CC66526270A98001478F3 /* Main.storyboard */,
				FF4CC66826270A9B001478F3 /* Assets.xcassets */,
				FF4CC66A26270A9B001478F3 /* LaunchScreen.storyboard */,
				FF4CC66D26270A9B001478F3 /* Info.plist */,
			);
			path = UICollectionView.UICollectionCell;
			sourceTree = "<group>";
		};
		FF4CC67526270A9C001478F3 /* UICollectionView.UICollectionCellTests */ = {
			isa = PBXGroup;
			children = (
				FF4CC67626270A9C001478F3 /* UICollectionView_UICollectionCellTests.swift */,
				FF4CC67826270A9C001478F3 /* Info.plist */,
			);
			path = UICollectionView.UICollectionCellTests;
			sourceTree = "<group>";
		};
		FF4CC68026270A9C001478F3 /* UICollectionView.UICollectionCellUITests */ = {
			isa = PBXGroup;
			children = (
				FF4CC68126270A9C001478F3 /* UICollectionView_UICollectionCellUITests.swift */,
				FF4CC68326270A9C001478F3 /* Info.plist */,
			);
			path = UICollectionView.UICollectionCellUITests;
			sourceTree = "<group>";
		};
/* End PBXGroup section */

/* Begin PBXNativeTarget section */
		FF4CC65B26270A98001478F3 /* UICollectionView.UICollectionCell */ = {
			isa = PBXNativeTarget;
			buildConfigurationList = FF4CC68626270A9C001478F3 /* Build configuration list for PBXNativeTarget "UICollectionView.UICollectionCell" */;
			buildPhases = (
				FF4CC65826270A98001478F3 /* Sources */,
				FF4CC65926270A98001478F3 /* Frameworks */,
				FF4CC65A26270A98001478F3 /* Resources */,
			);
			buildRules = (
			);
			dependencies = (
			);
			name = UICollectionView.UICollectionCell;
			productName = UICollectionView.UICollectionCell;
			productReference = FF4CC65C26270A98001478F3 /* UICollectionView.UICollectionCell.app */;
			productType = "com.apple.product-type.application";
		};
		FF4CC67126270A9C001478F3 /* UICollectionView.UICollectionCellTests */ = {
			isa = PBXNativeTarget;
			buildConfigurationList = FF4CC68926270A9C001478F3 /* Build configuration list for PBXNativeTarget "UICollectionView.UICollectionCellTests" */;
			buildPhases = (
				FF4CC66E26270A9C001478F3 /* Sources */,
				FF4CC66F26270A9C001478F3 /* Frameworks */,
				FF4CC67026270A9C001478F3 /* Resources */,
			);
			buildRules = (
			);
			dependencies = (
				FF4CC67426270A9C001478F3 /* PBXTargetDependency */,
			);
			name = UICollectionView.UICollectionCellTests;
			productName = UICollectionView.UICollectionCellTests;
			productReference = FF4CC67226270A9C001478F3 /* UICollectionView.UICollectionCellTests.xctest */;
			productType = "com.apple.product-type.bundle.unit-test";
		};
		FF4CC67C26270A9C001478F3 /* UICollectionView.UICollectionCellUITests */ = {
			isa = PBXNativeTarget;
			buildConfigurationList = FF4CC68C26270A9C001478F3 /* Build configuration list for PBXNativeTarget "UICollectionView.UICollectionCellUITests" */;
			buildPhases = (
				FF4CC67926270A9C001478F3 /* Sources */,
				FF4CC67A26270A9C001478F3 /* Frameworks */,
				FF4CC67B26270A9C001478F3 /* Resources */,
			);
			buildRules = (
			);
			dependencies = (
				FF4CC67F26270A9C001478F3 /* PBXTargetDependency */,
			);
			name = UICollectionView.UICollectionCellUITests;
			productName = UICollectionView.UICollectionCellUITests;
			productReference = FF4CC67D26270A9C001478F3 /* UICollectionView.UICollectionCellUITests.xctest */;
			productType = "com.apple.product-type.bundle.ui-testing";
		};
/* End PBXNativeTarget section */

/* Begin PBXProject section */
		FF4CC65426270A98001478F3 /* Project object */ = {
			isa = PBXProject;
			attributes = {
				LastSwiftUpdateCheck = 1240;
				LastUpgradeCheck = 1240;
				TargetAttributes = {
					FF4CC65B26270A98001478F3 = {
						CreatedOnToolsVersion = 12.4;
					};
					FF4CC67126270A9C001478F3 = {
						CreatedOnToolsVersion = 12.4;
						TestTargetID = FF4CC65B26270A98001478F3;
					};
					FF4CC67C26270A9C001478F3 = {
						CreatedOnToolsVersion = 12.4;
						TestTargetID = FF4CC65B26270A98001478F3;
					};
				};
			};
			buildConfigurationList = FF4CC65726270A98001478F3 /* Build configuration list for PBXProject "UICollectionView.UICollectionCell" */;
			compatibilityVersion = "Xcode 9.3";
			developmentRegion = en;
			hasScannedForEncodings = 0;
			knownRegions = (
				en,
				Base,
			);
			mainGroup = FF4CC65326270A98001478F3;
			productRefGroup = FF4CC65D26270A98001478F3 /* Products */;
			projectDirPath = "";
			projectRoot = "";
			targets = (
				FF4CC65B26270A98001478F3 /* UICollectionView.UICollectionCell */,
				FF4CC67126270A9C001478F3 /* UICollectionView.UICollectionCellTests */,
				FF4CC67C26270A9C001478F3 /* UICollectionView.UICollectionCellUITests */,
			);
		};
/* End PBXProject section */

/* Begin PBXResourcesBuildPhase section */
		FF4CC65A26270A98001478F3 /* Resources */ = {
			isa = PBXResourcesBuildPhase;
			buildActionMask = 2147483647;
			files = (
				FF4CC66C26270A9B001478F3 /* LaunchScreen.storyboard in Resources */,
				FF4CC66926270A9B001478F3 /* Assets.xcassets in Resources */,
				FF4CC66726270A98001478F3 /* Main.storyboard in Resources */,
			);
			runOnlyForDeploymentPostprocessing = 0;
		};
		FF4CC67026270A9C001478F3 /* Resources */ = {
			isa = PBXResourcesBuildPhase;
			buildActionMask = 2147483647;
			files = (
			);
			runOnlyForDeploymentPostprocessing = 0;
		};
		FF4CC67B26270A9C001478F3 /* Resources */ = {
			isa = PBXResourcesBuildPhase;
			buildActionMask = 2147483647;
			files = (
			);
			runOnlyForDeploymentPostprocessing = 0;
		};
/* End PBXResourcesBuildPhase section */

/* Begin PBXSourcesBuildPhase section */
		FF4CC65826270A98001478F3 /* Sources */ = {
			isa = PBXSourcesBuildPhase;
			buildActionMask = 2147483647;
			files = (
				FF4CC66426270A98001478F3 /* ViewController.swift in Sources */,
				FF4CC66026270A98001478F3 /* AppDelegate.swift in Sources */,
				FF4CC66226270A98001478F3 /* SceneDelegate.swift in Sources */,
			);
			runOnlyForDeploymentPostprocessing = 0;
		};
		FF4CC66E26270A9C001478F3 /* Sources */ = {
			isa = PBXSourcesBuildPhase;
			buildActionMask = 2147483647;
			files = (
				FF4CC67726270A9C001478F3 /* UICollectionView_UICollectionCellTests.swift in Sources */,
			);
			runOnlyForDeploymentPostprocessing = 0;
		};
		FF4CC67926270A9C001478F3 /* Sources */ = {
			isa = PBXSourcesBuildPhase;
			buildActionMask = 2147483647;
			files = (
				FF4CC68226270A9C001478F3 /* UICollectionView_UICollectionCellUITests.swift in Sources */,
			);
			runOnlyForDeploymentPostprocessing = 0;
		};
/* End PBXSourcesBuildPhase section */

/* Begin PBXTargetDependency section */
		FF4CC67426270A9C001478F3 /* PBXTargetDependency */ = {
			isa = PBXTargetDependency;
			target = FF4CC65B26270A98001478F3 /* UICollectionView.UICollectionCell */;
			targetProxy = FF4CC67326270A9C001478F3 /* PBXContainerItemProxy */;
		};
		FF4CC67F26270A9C001478F3 /* PBXTargetDependency */ = {
			isa = PBXTargetDependency;
			target = FF4CC65B26270A98001478F3 /* UICollectionView.UICollectionCell */;
			targetProxy = FF4CC67E26270A9C001478F3 /* PBXContainerItemProxy */;
		};
/* End PBXTargetDependency section */

/* Begin PBXVariantGroup section */
		FF4CC66526270A98001478F3 /* Main.storyboard */ = {
			isa = PBXVariantGroup;
			children = (
				FF4CC66626270A98001478F3 /* Base */,
			);
			name = Main.storyboard;
			sourceTree = "<group>";
		};
		FF4CC66A26270A9B001478F3 /* LaunchScreen.storyboard */ = {
			isa = PBXVariantGroup;
			children = (
				FF4CC66B26270A9B001478F3 /* Base */,
			);
			name = LaunchScreen.storyboard;
			sourceTree = "<group>";
		};
/* End PBXVariantGroup section */

/* Begin XCBuildConfiguration section */
		FF4CC68426270A9C001478F3 /* Debug */ = {
			isa = XCBuildConfiguration;
			buildSettings = {
				ALWAYS_SEARCH_USER_PATHS = NO;
				CLANG_ANALYZER_NONNULL = YES;
				CLANG_ANALYZER_NUMBER_OBJECT_CONVERSION = YES_AGGRESSIVE;
				CLANG_CXX_LANGUAGE_STANDARD = "gnu++14";
				CLANG_CXX_LIBRARY = "libc++";
				CLANG_ENABLE_MODULES = YES;
				CLANG_ENABLE_OBJC_ARC = YES;
				CLANG_ENABLE_OBJC_WEAK = YES;
				CLANG_WARN_BLOCK_CAPTURE_AUTORELEASING = YES;
				CLANG_WARN_BOOL_CONVERSION = YES;
				CLANG_WARN_COMMA = YES;
				CLANG_WARN_CONSTANT_CONVERSION = YES;
				CLANG_WARN_DEPRECATED_OBJC_IMPLEMENTATIONS = YES;
				CLANG_WARN_DIRECT_OBJC_ISA_USAGE = YES_ERROR;
				CLANG_WARN_DOCUMENTATION_COMMENTS = YES;
				CLANG_WARN_EMPTY_BODY = YES;
				CLANG_WARN_ENUM_CONVERSION = YES;
				CLANG_WARN_INFINITE_RECURSION = YES;
				CLANG_WARN_INT_CONVERSION = YES;
				CLANG_WARN_NON_LITERAL_NULL_CONVERSION = YES;
				CLANG_WARN_OBJC_IMPLICIT_RETAIN_SELF = YES;
				CLANG_WARN_OBJC_LITERAL_CONVERSION = YES;
				CLANG_WARN_OBJC_ROOT_CLASS = YES_ERROR;
				CLANG_WARN_QUOTED_INCLUDE_IN_FRAMEWORK_HEADER = YES;
				CLANG_WARN_RANGE_LOOP_ANALYSIS = YES;
				CLANG_WARN_STRICT_PROTOTYPES = YES;
				CLANG_WARN_SUSPICIOUS_MOVE = YES;
				CLANG_WARN_UNGUARDED_AVAILABILITY = YES_AGGRESSIVE;
				CLANG_WARN_UNREACHABLE_CODE = YES;
				CLANG_WARN__DUPLICATE_METHOD_MATCH = YES;
				COPY_PHASE_STRIP = NO;
				DEBUG_INFORMATION_FORMAT = dwarf;
				ENABLE_STRICT_OBJC_MSGSEND = YES;
				ENABLE_TESTABILITY = YES;
				GCC_C_LANGUAGE_STANDARD = gnu11;
				GCC_DYNAMIC_NO_PIC = NO;
				GCC_NO_COMMON_BLOCKS = YES;
				GCC_OPTIMIZATION_LEVEL = 0;
				GCC_PREPROCESSOR_DEFINITIONS = (
					"DEBUG=1",
					"$(inherited)",
				);
				GCC_WARN_64_TO_32_BIT_CONVERSION = YES;
				GCC_WARN_ABOUT_RETURN_TYPE = YES_ERROR;
				GCC_WARN_UNDECLARED_SELECTOR = YES;
				GCC_WARN_UNINITIALIZED_AUTOS = YES_AGGRESSIVE;
				GCC_WARN_UNUSED_FUNCTION = YES;
				GCC_WARN_UNUSED_VARIABLE = YES;
				IPHONEOS_DEPLOYMENT_TARGET = 14.4;
				MTL_ENABLE_DEBUG_INFO = INCLUDE_SOURCE;
				MTL_FAST_MATH = YES;
				ONLY_ACTIVE_ARCH = YES;
				SDKROOT = iphoneos;
				SWIFT_ACTIVE_COMPILATION_CONDITIONS = DEBUG;
				SWIFT_OPTIMIZATION_LEVEL = "-Onone";
			};
			name = Debug;
		};
		FF4CC68526270A9C001478F3 /* Release */ = {
			isa = XCBuildConfiguration;
			buildSettings = {
				ALWAYS_SEARCH_USER_PATHS = NO;
				CLANG_ANALYZER_NONNULL = YES;
				CLANG_ANALYZER_NUMBER_OBJECT_CONVERSION = YES_AGGRESSIVE;
				CLANG_CXX_LANGUAGE_STANDARD = "gnu++14";
				CLANG_CXX_LIBRARY = "libc++";
				CLANG_ENABLE_MODULES = YES;
				CLANG_ENABLE_OBJC_ARC = YES;
				CLANG_ENABLE_OBJC_WEAK = YES;
				CLANG_WARN_BLOCK_CAPTURE_AUTORELEASING = YES;
				CLANG_WARN_BOOL_CONVERSION = YES;
				CLANG_WARN_COMMA = YES;
				CLANG_WARN_CONSTANT_CONVERSION = YES;
				CLANG_WARN_DEPRECATED_OBJC_IMPLEMENTATIONS = YES;
				CLANG_WARN_DIRECT_OBJC_ISA_USAGE = YES_ERROR;
				CLANG_WARN_DOCUMENTATION_COMMENTS = YES;
				CLANG_WARN_EMPTY_BODY = YES;
				CLANG_WARN_ENUM_CONVERSION = YES;
				CLANG_WARN_INFINITE_RECURSION = YES;
				CLANG_WARN_INT_CONVERSION = YES;
				CLANG_WARN_NON_LITERAL_NULL_CONVERSION = YES;
				CLANG_WARN_OBJC_IMPLICIT_RETAIN_SELF = YES;
				CLANG_WARN_OBJC_LITERAL_CONVERSION = YES;
				CLANG_WARN_OBJC_ROOT_CLASS = YES_ERROR;
				CLANG_WARN_QUOTED_INCLUDE_IN_FRAMEWORK_HEADER = YES;
				CLANG_WARN_RANGE_LOOP_ANALYSIS = YES;
				CLANG_WARN_STRICT_PROTOTYPES = YES;
				CLANG_WARN_SUSPICIOUS_MOVE = YES;
				CLANG_WARN_UNGUARDED_AVAILABILITY = YES_AGGRESSIVE;
				CLANG_WARN_UNREACHABLE_CODE = YES;
				CLANG_WARN__DUPLICATE_METHOD_MATCH = YES;
				COPY_PHASE_STRIP = NO;
				DEBUG_INFORMATION_FORMAT = "dwarf-with-dsym";
				ENABLE_NS_ASSERTIONS = NO;
				ENABLE_STRICT_OBJC_MSGSEND = YES;
				GCC_C_LANGUAGE_STANDARD = gnu11;
				GCC_NO_COMMON_BLOCKS = YES;
				GCC_WARN_64_TO_32_BIT_CONVERSION = YES;
				GCC_WARN_ABOUT_RETURN_TYPE = YES_ERROR;
				GCC_WARN_UNDECLARED_SELECTOR = YES;
				GCC_WARN_UNINITIALIZED_AUTOS = YES_AGGRESSIVE;
				GCC_WARN_UNUSED_FUNCTION = YES;
				GCC_WARN_UNUSED_VARIABLE = YES;
				IPHONEOS_DEPLOYMENT_TARGET = 14.4;
				MTL_ENABLE_DEBUG_INFO = NO;
				MTL_FAST_MATH = YES;
				SDKROOT = iphoneos;
				SWIFT_COMPILATION_MODE = wholemodule;
				SWIFT_OPTIMIZATION_LEVEL = "-O";
				VALIDATE_PRODUCT = YES;
			};
			name = Release;
		};
		FF4CC68726270A9C001478F3 /* Debug */ = {
			isa = XCBuildConfiguration;
			buildSettings = {
				ASSETCATALOG_COMPILER_APPICON_NAME = AppIcon;
				ASSETCATALOG_COMPILER_GLOBAL_ACCENT_COLOR_NAME = AccentColor;
				CODE_SIGN_STYLE = Automatic;
				DEVELOPMENT_TEAM = HT46X4SNBR;
				INFOPLIST_FILE = UICollectionView.UICollectionCell/Info.plist;
				LD_RUNPATH_SEARCH_PATHS = (
					"$(inherited)",
					"@executable_path/Frameworks",
				);
				PRODUCT_BUNDLE_IDENTIFIER = "com.LearnIOS.UICollectionView-UICollectionCell";
				PRODUCT_NAME = "$(TARGET_NAME)";
				SWIFT_VERSION = 5.0;
				TARGETED_DEVICE_FAMILY = "1,2";
			};
			name = Debug;
		};
		FF4CC68826270A9C001478F3 /* Release */ = {
			isa = XCBuildConfiguration;
			buildSettings = {
				ASSETCATALOG_COMPILER_APPICON_NAME = AppIcon;
				ASSETCATALOG_COMPILER_GLOBAL_ACCENT_COLOR_NAME = AccentColor;
				CODE_SIGN_STYLE = Automatic;
				DEVELOPMENT_TEAM = HT46X4SNBR;
				INFOPLIST_FILE = UICollectionView.UICollectionCell/Info.plist;
				LD_RUNPATH_SEARCH_PATHS = (
					"$(inherited)",
					"@executable_path/Frameworks",
				);
				PRODUCT_BUNDLE_IDENTIFIER = "com.LearnIOS.UICollectionView-UICollectionCell";
				PRODUCT_NAME = "$(TARGET_NAME)";
				SWIFT_VERSION = 5.0;
				TARGETED_DEVICE_FAMILY = "1,2";
			};
			name = Release;
		};
		FF4CC68A26270A9C001478F3 /* Debug */ = {
			isa = XCBuildConfiguration;
			buildSettings = {
				ALWAYS_EMBED_SWIFT_STANDARD_LIBRARIES = YES;
				BUNDLE_LOADER = "$(TEST_HOST)";
				CODE_SIGN_STYLE = Automatic;
				DEVELOPMENT_TEAM = HT46X4SNBR;
				INFOPLIST_FILE = UICollectionView.UICollectionCellTests/Info.plist;
				IPHONEOS_DEPLOYMENT_TARGET = 14.4;
				LD_RUNPATH_SEARCH_PATHS = (
					"$(inherited)",
					"@executable_path/Frameworks",
					"@loader_path/Frameworks",
				);
				PRODUCT_BUNDLE_IDENTIFIER = "com.LearnIOS.UICollectionView-UICollectionCellTests";
				PRODUCT_NAME = "$(TARGET_NAME)";
				SWIFT_VERSION = 5.0;
				TARGETED_DEVICE_FAMILY = "1,2";
				TEST_HOST = "$(BUILT_PRODUCTS_DIR)/UICollectionView.UICollectionCell.app/UICollectionView.UICollectionCell";
			};
			name = Debug;
		};
		FF4CC68B26270A9C001478F3 /* Release */ = {
			isa = XCBuildConfiguration;
			buildSettings = {
				ALWAYS_EMBED_SWIFT_STANDARD_LIBRARIES = YES;
				BUNDLE_LOADER = "$(TEST_HOST)";
				CODE_SIGN_STYLE = Automatic;
				DEVELOPMENT_TEAM = HT46X4SNBR;
				INFOPLIST_FILE = UICollectionView.UICollectionCellTests/Info.plist;
				IPHONEOS_DEPLOYMENT_TARGET = 14.4;
				LD_RUNPATH_SEARCH_PATHS = (
					"$(inherited)",
					"@executable_path/Frameworks",
					"@loader_path/Frameworks",
				);
				PRODUCT_BUNDLE_IDENTIFIER = "com.LearnIOS.UICollectionView-UICollectionCellTests";
				PRODUCT_NAME = "$(TARGET_NAME)";
				SWIFT_VERSION = 5.0;
				TARGETED_DEVICE_FAMILY = "1,2";
				TEST_HOST = "$(BUILT_PRODUCTS_DIR)/UICollectionView.UICollectionCell.app/UICollectionView.UICollectionCell";
			};
			name = Release;
		};
		FF4CC68D26270A9C001478F3 /* Debug */ = {
			isa = XCBuildConfiguration;
			buildSettings = {
				ALWAYS_EMBED_SWIFT_STANDARD_LIBRARIES = YES;
				CODE_SIGN_STYLE = Automatic;
				DEVELOPMENT_TEAM = HT46X4SNBR;
				INFOPLIST_FILE = UICollectionView.UICollectionCellUITests/Info.plist;
				LD_RUNPATH_SEARCH_PATHS = (
					"$(inherited)",
					"@executable_path/Frameworks",
					"@loader_path/Frameworks",
				);
				PRODUCT_BUNDLE_IDENTIFIER = "com.LearnIOS.UICollectionView-UICollectionCellUITests";
				PRODUCT_NAME = "$(TARGET_NAME)";
				SWIFT_VERSION = 5.0;
				TARGETED_DEVICE_FAMILY = "1,2";
				TEST_TARGET_NAME = UICollectionView.UICollectionCell;
			};
			name = Debug;
		};
		FF4CC68E26270A9C001478F3 /* Release */ = {
			isa = XCBuildConfiguration;
			buildSettings = {
				ALWAYS_EMBED_SWIFT_STANDARD_LIBRARIES = YES;
				CODE_SIGN_STYLE = Automatic;
				DEVELOPMENT_TEAM = HT46X4SNBR;
				INFOPLIST_FILE = UICollectionView.UICollectionCellUITests/Info.plist;
				LD_RUNPATH_SEARCH_PATHS = (
					"$(inherited)",
					"@executable_path/Frameworks",
					"@loader_path/Frameworks",
				);
				PRODUCT_BUNDLE_IDENTIFIER = "com.LearnIOS.UICollectionView-UICollectionCellUITests";
				PRODUCT_NAME = "$(TARGET_NAME)";
				SWIFT_VERSION = 5.0;
				TARGETED_DEVICE_FAMILY = "1,2";
				TEST_TARGET_NAME = UICollectionView.UICollectionCell;
			};
			name = Release;
		};
/* End XCBuildConfiguration section */

/* Begin XCConfigurationList section */
		FF4CC65726270A98001478F3 /* Build configuration list for PBXProject "UICollectionView.UICollectionCell" */ = {
			isa = XCConfigurationList;
			buildConfigurations = (
				FF4CC68426270A9C001478F3 /* Debug */,
				FF4CC68526270A9C001478F3 /* Release */,
			);
			defaultConfigurationIsVisible = 0;
			defaultConfigurationName = Release;
		};
		FF4CC68626270A9C001478F3 /* Build configuration list for PBXNativeTarget "UICollectionView.UICollectionCell" */ = {
			isa = XCConfigurationList;
			buildConfigurations = (
				FF4CC68726270A9C001478F3 /* Debug */,
				FF4CC68826270A9C001478F3 /* Release */,
			);
			defaultConfigurationIsVisible = 0;
			defaultConfigurationName = Release;
		};
		FF4CC68926270A9C001478F3 /* Build configuration list for PBXNativeTarget "UICollectionView.UICollectionCellTests" */ = {
			isa = XCConfigurationList;
			buildConfigurations = (
				FF4CC68A26270A9C001478F3 /* Debug */,
				FF4CC68B26270A9C001478F3 /* Release */,
			);
			defaultConfigurationIsVisible = 0;
			defaultConfigurationName = Release;
		};
		FF4CC68C26270A9C001478F3 /* Build configuration list for PBXNativeTarget "UICollectionView.UICollectionCellUITests" */ = {
			isa = XCConfigurationList;
			buildConfigurations = (
				FF4CC68D26270A9C001478F3 /* Debug */,
				FF4CC68E26270A9C001478F3 /* Release */,
			);
			defaultConfigurationIsVisible = 0;
			defaultConfigurationName = Release;
		};
/* End XCConfigurationList section */
	};
	rootObject = FF4CC65426270A98001478F3 /* Project object */;
}
